
Microsoft Visual Studio Solution File, Format Version 12.00
# Visual Studio Version 17
VisualStudioVersion = 17.8.34408.163
MinimumVisualStudioVersion = 10.0.40219.1
Project("{FAE04EC0-301F-11D3-BF4B-00C04F79EFBC}") = "WindowsFormsApp1", "WindowsFormsApp1\WindowsFormsApp1.csproj", "{F3E060C6-E555-4B1D-87BF-A72D15F78C43}"
EndProject
Global
	GlobalSection(SolutionConfigurationPlatforms) = preSolution
		Debug|Any CPU = Debug|Any CPU
		Release|Any CPU = Release|Any CPU
	EndGlobalSection
	GlobalSection(ProjectConfigurationPlatforms) = postSolution
		{F3E060C6-E555-4B1D-87BF-A72D15F78C43}.Debug|Any CPU.ActiveCfg = Debug|Any CPU
		{F3E060C6-E555-4B1D-87BF-A72D15F78C43}.Debug|Any CPU.Build.0 = Debug|Any CPU
		{F3E060C6-E555-4B1D-87BF-A72D15F78C43}.Release|Any CPU.ActiveCfg = Release|Any CPU
		{F3E060C6-E555-4B1D-87BF-A72D15F78C43}.Release|Any CPU.Build.0 = Release|Any CPU
	EndGlobalSection
	GlobalSection(SolutionProperties) = preSolution
		HideSolutionNode = FALSE
	EndGlobalSection
	GlobalSection(ExtensibilityGlobals) = postSolution
		SolutionGuid = {96412D9D-869A-49F1-94C5-A5A74C366849}
	EndGlobalSection
EndGlobal
